
Microsoft Visual Studio Solution File, Format Version 12.00
# Visual Studio 15
VisualStudioVersion = 15.0.28307.1022
MinimumVisualStudioVersion = 10.0.40219.1
Project("{FAE04EC0-301F-11D3-BF4B-00C04F79EFBC}") = "Project2", "Project2\Project2.csproj", "{A56CEE33-7E76-45D9-A5DA-3267214834A2}"
EndProject
Global
	GlobalSection(SolutionConfigurationPlatforms) = preSolution
		Debug|Any CPU = Debug|Any CPU
		Release|Any CPU = Release|Any CPU
	EndGlobalSection
	GlobalSection(ProjectConfigurationPlatforms) = postSolution
		{A56CEE33-7E76-45D9-A5DA-3267214834A2}.Debug|Any CPU.ActiveCfg = Debug|Any CPU
		{A56CEE33-7E76-45D9-A5DA-3267214834A2}.Debug|Any CPU.Build.0 = Debug|Any CPU
		{A56CEE33-7E76-45D9-A5DA-3267214834A2}.Release|Any CPU.ActiveCfg = Release|Any CPU
		{A56CEE33-7E76-45D9-A5DA-3267214834A2}.Release|Any CPU.Build.0 = Release|Any CPU
	EndGlobalSection
	GlobalSection(SolutionProperties) = preSolution
		HideSolutionNode = FALSE
	EndGlobalSection
	GlobalSection(ExtensibilityGlobals) = postSolution
		SolutionGuid = {3741E784-1F9F-420D-96E5-6F698C83D88D}
	EndGlobalSection
EndGlobal
